
Microsoft Visual Studio Solution File, Format Version 12.00
# Visual Studio Version 16
VisualStudioVersion = 16.0.30804.86
MinimumVisualStudioVersion = 10.0.40219.1
Project("{FAE04EC0-301F-11D3-BF4B-00C04F79EFBC}") = "Program12", "Program12.csproj", "{67125A90-7153-4C3A-89D1-E09BDAB7D561}"
EndProject
Global
	GlobalSection(SolutionConfigurationPlatforms) = preSolution
		Debug|Any CPU = Debug|Any CPU
		Release|Any CPU = Release|Any CPU
	EndGlobalSection
	GlobalSection(ProjectConfigurationPlatforms) = postSolution
		{67125A90-7153-4C3A-89D1-E09BDAB7D561}.Debug|Any CPU.ActiveCfg = Debug|Any CPU
		{67125A90-7153-4C3A-89D1-E09BDAB7D561}.Debug|Any CPU.Build.0 = Debug|Any CPU
		{67125A90-7153-4C3A-89D1-E09BDAB7D561}.Release|Any CPU.ActiveCfg = Release|Any CPU
		{67125A90-7153-4C3A-89D1-E09BDAB7D561}.Release|Any CPU.Build.0 = Release|Any CPU
	EndGlobalSection
	GlobalSection(SolutionProperties) = preSolution
		HideSolutionNode = FALSE
	EndGlobalSection
	GlobalSection(ExtensibilityGlobals) = postSolution
		SolutionGuid = {27905665-3A53-48A8-958C-657C4FD27FC8}
	EndGlobalSection
EndGlobal
