
Microsoft Visual Studio Solution File, Format Version 12.00
# Visual Studio Version 16
VisualStudioVersion = 16.0.30804.86
MinimumVisualStudioVersion = 10.0.40219.1
Project("{FAE04EC0-301F-11D3-BF4B-00C04F79EFBC}") = "Program5", "Program5.csproj", "{DC4BBBA4-2422-4570-A574-D7233F3A5F06}"
EndProject
Global
	GlobalSection(SolutionConfigurationPlatforms) = preSolution
		Debug|Any CPU = Debug|Any CPU
		Release|Any CPU = Release|Any CPU
	EndGlobalSection
	GlobalSection(ProjectConfigurationPlatforms) = postSolution
		{DC4BBBA4-2422-4570-A574-D7233F3A5F06}.Debug|Any CPU.ActiveCfg = Debug|Any CPU
		{DC4BBBA4-2422-4570-A574-D7233F3A5F06}.Debug|Any CPU.Build.0 = Debug|Any CPU
		{DC4BBBA4-2422-4570-A574-D7233F3A5F06}.Release|Any CPU.ActiveCfg = Release|Any CPU
		{DC4BBBA4-2422-4570-A574-D7233F3A5F06}.Release|Any CPU.Build.0 = Release|Any CPU
	EndGlobalSection
	GlobalSection(SolutionProperties) = preSolution
		HideSolutionNode = FALSE
	EndGlobalSection
	GlobalSection(ExtensibilityGlobals) = postSolution
		SolutionGuid = {09C1AAC8-4AE9-4D94-885C-3E75FE82DA8A}
	EndGlobalSection
EndGlobal
