
Microsoft Visual Studio Solution File, Format Version 12.00
# Visual Studio Version 16
VisualStudioVersion = 16.0.30804.86
MinimumVisualStudioVersion = 10.0.40219.1
Project("{FAE04EC0-301F-11D3-BF4B-00C04F79EFBC}") = "Program4", "Program4.csproj", "{A04AF24A-4073-4330-A7ED-DC9D3D491AEC}"
EndProject
Global
	GlobalSection(SolutionConfigurationPlatforms) = preSolution
		Debug|Any CPU = Debug|Any CPU
		Release|Any CPU = Release|Any CPU
	EndGlobalSection
	GlobalSection(ProjectConfigurationPlatforms) = postSolution
		{A04AF24A-4073-4330-A7ED-DC9D3D491AEC}.Debug|Any CPU.ActiveCfg = Debug|Any CPU
		{A04AF24A-4073-4330-A7ED-DC9D3D491AEC}.Debug|Any CPU.Build.0 = Debug|Any CPU
		{A04AF24A-4073-4330-A7ED-DC9D3D491AEC}.Release|Any CPU.ActiveCfg = Release|Any CPU
		{A04AF24A-4073-4330-A7ED-DC9D3D491AEC}.Release|Any CPU.Build.0 = Release|Any CPU
	EndGlobalSection
	GlobalSection(SolutionProperties) = preSolution
		HideSolutionNode = FALSE
	EndGlobalSection
	GlobalSection(ExtensibilityGlobals) = postSolution
		SolutionGuid = {F2CE96FB-2E42-4715-A429-F4FBF992DBC4}
	EndGlobalSection
EndGlobal
