
Microsoft Visual Studio Solution File, Format Version 12.00
# Visual Studio Version 16
VisualStudioVersion = 16.0.30804.86
MinimumVisualStudioVersion = 10.0.40219.1
Project("{FAE04EC0-301F-11D3-BF4B-00C04F79EFBC}") = "Program20", "Program20.csproj", "{F1BBDDE4-4045-4AF1-A17B-08053ED1B74E}"
EndProject
Global
	GlobalSection(SolutionConfigurationPlatforms) = preSolution
		Debug|Any CPU = Debug|Any CPU
		Release|Any CPU = Release|Any CPU
	EndGlobalSection
	GlobalSection(ProjectConfigurationPlatforms) = postSolution
		{F1BBDDE4-4045-4AF1-A17B-08053ED1B74E}.Debug|Any CPU.ActiveCfg = Debug|Any CPU
		{F1BBDDE4-4045-4AF1-A17B-08053ED1B74E}.Debug|Any CPU.Build.0 = Debug|Any CPU
		{F1BBDDE4-4045-4AF1-A17B-08053ED1B74E}.Release|Any CPU.ActiveCfg = Release|Any CPU
		{F1BBDDE4-4045-4AF1-A17B-08053ED1B74E}.Release|Any CPU.Build.0 = Release|Any CPU
	EndGlobalSection
	GlobalSection(SolutionProperties) = preSolution
		HideSolutionNode = FALSE
	EndGlobalSection
	GlobalSection(ExtensibilityGlobals) = postSolution
		SolutionGuid = {9D243783-0703-4C27-9036-96BC21F2CACA}
	EndGlobalSection
EndGlobal
