
Microsoft Visual Studio Solution File, Format Version 12.00
# Visual Studio Version 16
VisualStudioVersion = 16.0.30804.86
MinimumVisualStudioVersion = 10.0.40219.1
Project("{FAE04EC0-301F-11D3-BF4B-00C04F79EFBC}") = "Program2", "Program2.csproj", "{C5F5D6DA-E898-4DA0-9D7E-18D4BC612786}"
EndProject
Global
	GlobalSection(SolutionConfigurationPlatforms) = preSolution
		Debug|Any CPU = Debug|Any CPU
		Release|Any CPU = Release|Any CPU
	EndGlobalSection
	GlobalSection(ProjectConfigurationPlatforms) = postSolution
		{C5F5D6DA-E898-4DA0-9D7E-18D4BC612786}.Debug|Any CPU.ActiveCfg = Debug|Any CPU
		{C5F5D6DA-E898-4DA0-9D7E-18D4BC612786}.Debug|Any CPU.Build.0 = Debug|Any CPU
		{C5F5D6DA-E898-4DA0-9D7E-18D4BC612786}.Release|Any CPU.ActiveCfg = Release|Any CPU
		{C5F5D6DA-E898-4DA0-9D7E-18D4BC612786}.Release|Any CPU.Build.0 = Release|Any CPU
	EndGlobalSection
	GlobalSection(SolutionProperties) = preSolution
		HideSolutionNode = FALSE
	EndGlobalSection
	GlobalSection(ExtensibilityGlobals) = postSolution
		SolutionGuid = {4201FDBE-8EF2-4B41-A84F-9CB055B879BE}
	EndGlobalSection
EndGlobal
