
Microsoft Visual Studio Solution File, Format Version 12.00
# Visual Studio Version 16
VisualStudioVersion = 16.0.30804.86
MinimumVisualStudioVersion = 10.0.40219.1
Project("{FAE04EC0-301F-11D3-BF4B-00C04F79EFBC}") = "Program15", "Program15.csproj", "{70E1D822-25D0-4062-9D66-037916567839}"
EndProject
Global
	GlobalSection(SolutionConfigurationPlatforms) = preSolution
		Debug|Any CPU = Debug|Any CPU
		Release|Any CPU = Release|Any CPU
	EndGlobalSection
	GlobalSection(ProjectConfigurationPlatforms) = postSolution
		{70E1D822-25D0-4062-9D66-037916567839}.Debug|Any CPU.ActiveCfg = Debug|Any CPU
		{70E1D822-25D0-4062-9D66-037916567839}.Debug|Any CPU.Build.0 = Debug|Any CPU
		{70E1D822-25D0-4062-9D66-037916567839}.Release|Any CPU.ActiveCfg = Release|Any CPU
		{70E1D822-25D0-4062-9D66-037916567839}.Release|Any CPU.Build.0 = Release|Any CPU
	EndGlobalSection
	GlobalSection(SolutionProperties) = preSolution
		HideSolutionNode = FALSE
	EndGlobalSection
	GlobalSection(ExtensibilityGlobals) = postSolution
		SolutionGuid = {BA2A1ED5-7B02-464E-B8A4-C91C8DFAB92D}
	EndGlobalSection
EndGlobal
