
Microsoft Visual Studio Solution File, Format Version 12.00
# Visual Studio Version 16
VisualStudioVersion = 16.0.30804.86
MinimumVisualStudioVersion = 10.0.40219.1
Project("{FAE04EC0-301F-11D3-BF4B-00C04F79EFBC}") = "Program23", "Program23.csproj", "{29110721-2DBB-42E8-9AF6-451CF94799FF}"
EndProject
Global
	GlobalSection(SolutionConfigurationPlatforms) = preSolution
		Debug|Any CPU = Debug|Any CPU
		Release|Any CPU = Release|Any CPU
	EndGlobalSection
	GlobalSection(ProjectConfigurationPlatforms) = postSolution
		{29110721-2DBB-42E8-9AF6-451CF94799FF}.Debug|Any CPU.ActiveCfg = Debug|Any CPU
		{29110721-2DBB-42E8-9AF6-451CF94799FF}.Debug|Any CPU.Build.0 = Debug|Any CPU
		{29110721-2DBB-42E8-9AF6-451CF94799FF}.Release|Any CPU.ActiveCfg = Release|Any CPU
		{29110721-2DBB-42E8-9AF6-451CF94799FF}.Release|Any CPU.Build.0 = Release|Any CPU
	EndGlobalSection
	GlobalSection(SolutionProperties) = preSolution
		HideSolutionNode = FALSE
	EndGlobalSection
	GlobalSection(ExtensibilityGlobals) = postSolution
		SolutionGuid = {5645BA1D-2513-4D6A-8A4B-4D594B2637E6}
	EndGlobalSection
EndGlobal
